cloud.google.com/go v0.34.0/go.mod h1:aQUYkXzVsufM+DwF1aE+0xfcU+56JwCaLick0ClmMTw=
gioui.org v0.0.0-20190903205226-063b4a5659f9 h1:7Nfke1VE0GZ8LaklSbI3gjFg6sXaixkbe5xPkSJ2K1g=
gioui.org v0.0.0-20190930103706-22cd88df9f7f/go.mod h1:+CEjc9B//HrBfWsQOVxjCyih7HGIj3Pww1xFHVDZyyk=
gioui.org v0.0.0-20190930104129-962bc36daccb h1:Yf4wiV9pA4tMzJpA1D2TaQ3746BKqVnzP2W3fpKjr8M=
gioui.org v0.0.0-20190930145547-3784ece6dd65/go.mod h1:+CEjc9B//HrBfWsQOVxjCyih7HGIj3Pww1xFHVDZyyk=
gioui.org v0.0.0-20190930150022-6bc5ff247938 h1:V13kL8G+RP2/Bj8VF/asHQuIjBBbyqDDGxzbBIisM6g=
gioui.org v0.0.0-20190930150022-6bc5ff247938/go.mod h1:+CEjc9B//HrBfWsQOVxjCyih7HGIj3Pww1xFHVDZyyk=
gioui.org v0.0.0-20191006110319-afeaa247c80a h1:ME2vielLXTlgsGjjKHAtSAHlOQrymko/rp51hea8T8U=
gioui.org v0.0.0-20191006151840-38a5717216b9 h1:3Lms0VpwClLw/ZuzxRo7Hqia3ihu5rd7S0keYJBrvyw=
gioui.org v0.0.0-20191006151840-38a5717216b9/go.mod h1:+CEjc9B//HrBfWsQOVxjCyih7HGIj3Pww1xFHVDZyyk=
gioui.org v0.0.0-20191008153031-a76de40e9a40 h1:IPGGdRcrEaUmMUcs5ZAoQw6wqpLr+fRm0wD7eQT7HEA=
gioui.org v0.0.0-20191008153031-a76de40e9a40/go.mod h1:+CEjc9B//HrBfWsQOVxjCyih7HGIj3Pww1xFHVDZyyk=
gioui.org v0.0.0-20191009154404-e031d7325cd1 h1:DXzVSymmpKh3EILjW4vhrp+UHJimj7hVhaJhLkOQJsM=
gioui.org v0.0.0-20191009162709-b749c5dd285a h1:l/gpuRWDiMuDmfgy/LvFqeIea3ZNNo0NfMwer2Wj+eM=
gioui.org v0.0.0-20191009163805-468731538e31 h1:pF+7zkcJ4hV3pdq56mksVqJZrSNXBeqKJRY1FZxz09c=
gioui.org v0.0.0-20191009165453-7808a710c567 h1:rOmU3Rz3EhwSXzN4R9hSPoVFPhzuwMQr4FzNJGgic3o=
gioui.org v0.0.0-20191009165725-698ca431bcd4 h1:P0FDukxsfo739ZUK88UFZHk8Dj6cKnc1EuqjFVXVcpM=
gioui.org v0.0.0-20191009165954-58e0eb894f76 h1:PDrq7jPkwhOuDS8GNCG7IQI68ysh94j4o3IQxJe/mGI=
gioui.org v0.0.0-20191009170310-7e8f8edbafab h1:BYH6rugg5qdicxhXX1VauF5YR03gEV0+jnGw+XL8crQ=
gioui.org v0.0.0-20191009170828-e4b1a46dd243 h1:XTCjj+zH2LF9V9LPBuPE8EIedRUhj5dnc3MxdhMINxA=
gioui.org v0.0.0-20191010064348-a21e8bf7e405 h1:CzYfQGrUj4A6L7YwRS//wBrqjvocbciIot6w25UlP7Y=
gioui.org/apps v0.0.0-20190930150022-6bc5ff247938 h1:C+z6CZWzWXM40EwkEG7oKHfQnuxi3PRhN2Fc+XHE7Vk=
gioui.org/apps v0.0.0-20190930150022-6bc5ff247938/go.mod h1:bAJokAfDdB1/Aq2wdr8S50n6y75g/98Ls1gC2wMTzRQ=
gioui.org/cmd v0.0.0-20190903205226-063b4a5659f9 h1:t8sREv8W5/l30MI3POCjO6TDEatZk/33v3qryDFl/OU=
gioui.org/cmd v0.0.0-20190903205226-063b4a5659f9/go.mod h1:rn6q3wa1gugvIB50m0JxJ4krKQAfc0sQHJKvsuZW8+c=
gioui.org/cmd v0.0.0-20190930104129-962bc36daccb h1:a/AmizAZJ611oEb63KZbsTmdkCqfcA1Nep27nvocsT8=
gioui.org/cmd v0.0.0-20190930104129-962bc36daccb/go.mod h1:rw8IjBQ59XCICwtHeJD26w6yHtqx9BcFKq2ILin6pas=
gioui.org/cmd v0.0.0-20191009154404-e031d7325cd1 h1:+jTj13jk1OhKdFgu6FUk/tCSVax6CWHEBVe6Y3PtIeg=
gioui.org/cmd v0.0.0-20191009154404-e031d7325cd1/go.mod h1:CqpU5eq0Uyxxbzp/f2LKGasfDSeGF7R0Oasd2IE94P0=
gioui.org/cmd v0.0.0-20191009162709-b749c5dd285a h1:xXCrO5WVmLxWG9MnnrIHiMIfIFgAtxcVjBnkrpiW4NE=
gioui.org/cmd v0.0.0-20191009162709-b749c5dd285a/go.mod h1:CqpU5eq0Uyxxbzp/f2LKGasfDSeGF7R0Oasd2IE94P0=
gioui.org/cmd v0.0.0-20191009163805-468731538e31 h1:lIsnQ4S6w3ukZ5RRMcjnPSuckYmqkXH4grKeA6wCS3k=
gioui.org/cmd v0.0.0-20191009163805-468731538e31/go.mod h1:CqpU5eq0Uyxxbzp/f2LKGasfDSeGF7R0Oasd2IE94P0=
gioui.org/cmd v0.0.0-20191009165453-7808a710c567 h1:dazVKcvw9oor3Q2IkGF3dd4ejsF3zjUHe88PZnQYiNs=
gioui.org/cmd v0.0.0-20191009165453-7808a710c567/go.mod h1:CqpU5eq0Uyxxbzp/f2LKGasfDSeGF7R0Oasd2IE94P0=
gioui.org/cmd v0.0.0-20191009165725-698ca431bcd4 h1:X1slLN9NxukZIqNQIYyFQhMh3TCIQv9O80viqbrBYa0=
gioui.org/cmd v0.0.0-20191009165725-698ca431bcd4/go.mod h1:CqpU5eq0Uyxxbzp/f2LKGasfDSeGF7R0Oasd2IE94P0=
gioui.org/cmd v0.0.0-20191009165954-58e0eb894f76 h1:H7dI357FpFYTIMivHUZeFAE3H8bxH0ajIdW3W6LIdDQ=
gioui.org/cmd v0.0.0-20191009165954-58e0eb894f76/go.mod h1:CqpU5eq0Uyxxbzp/f2LKGasfDSeGF7R0Oasd2IE94P0=
gioui.org/cmd v0.0.0-20191009170310-7e8f8edbafab h1:kwgFfaKMLpk91DAq4ZAoYTl0X9sJDRSLbgE7FXrrhJs=
gioui.org/cmd v0.0.0-20191009170310-7e8f8edbafab/go.mod h1:CqpU5eq0Uyxxbzp/f2LKGasfDSeGF7R0Oasd2IE94P0=
gioui.org/cmd v0.0.0-20191009170828-e4b1a46dd243 h1:BNSv5fU0CJEDnH8wXMBMLKa0QgSQrVx5A2FwzyOB02g=
gioui.org/cmd v0.0.0-20191009170828-e4b1a46dd243/go.mod h1:CqpU5eq0Uyxxbzp/f2LKGasfDSeGF7R0Oasd2IE94P0=
gioui.org/example v0.0.0-20191009154404-e031d7325cd1 h1:ZXp++PEfK030IOOtY9yHRQh2yWl36KBH2WaESprzG9g=
gioui.org/example v0.0.0-20191009154404-e031d7325cd1/go.mod h1:RTD7Wp64YZNYGPxOukTdvmz7hKFQkVYpHRX9ef6OkkI=
gioui.org/ui v0.0.0-20190903205226-063b4a5659f9 h1:m7/57jFZLo19k9hX/j/LZAx/sHInlUC22PR2yDt8ukA=
gioui.org/ui v0.0.0-20190903205226-063b4a5659f9/go.mod h1:dmqi7kyK1sZ03VAkEqzKKpKWfRPCuqrd1eDtSqyhjzY=
gioui.org/ui v0.0.0-20190923192331-687ea833a3af h1:g7371kXXfNm18telQQEERd3NXLpApw12NWahBfR54QA=
gioui.org/ui v0.0.0-20190923192331-687ea833a3af/go.mod h1:PssKPKlqVIeyaed+0w492Xc2NgX5M3n6oZKOAj5rxoE=
gioui.org/ui v0.0.0-20190926171558-ce74bc0cbaea h1:rv21Wx1Inf27NY453rrrP6tuEG65PyWPhnP2Jx+Qb8k=
gioui.org/ui v0.0.0-20190926171558-ce74bc0cbaea/go.mod h1:PssKPKlqVIeyaed+0w492Xc2NgX5M3n6oZKOAj5rxoE=
github.com/BurntSushi/xgb v0.0.0-20160522181843-27f122750802/go.mod h1:IVnqGOEym/WlBOVXweHU+Q+/VP0lqqI8lqeDx9IjBqo=
github.com/chromedp/cdproto v0.0.0-20190812224334-39ef923dcb8d/go.mod h1:0YChpVzuLJC5CPr+x3xkHN6Z8KOSXjNbL7qV8Wc4GW0=
github.com/chromedp/chromedp v0.4.0/go.mod h1:DC3QUn4mJ24dwjcaGQLoZrhm4X/uPHZ6spDbS2uFhm4=
github.com/gobwas/httphead v0.0.0-20180130184737-2c6c146eadee/go.mod h1:L0fX3K22YWvt/FAX9NnzrNzcI4wNYi9Yku4O0LKYflo=
github.com/gobwas/pool v0.2.0/go.mod h1:q8bcK0KcYlCgd9e7WYLm9LpyS+YeLd8JVDW6WezmKEw=
github.com/gobwas/ws v1.0.2/go.mod h1:szmBTxLgaFppYjEmNtny/v3w89xOydFnnZMcgRRu/EM=
github.com/golang/protobuf v1.2.0/go.mod h1:6lQm79b+lXiMfvg/cZm0SGofjICqVBUtrP5yJMmIC1U=
github.com/google/go-github v17.0.0+incompatible h1:N0LgJ1j65A7kfXrZnUDaYCs/Sf4rEjNlfyDHW9dolSY=
github.com/google/go-github v17.0.0+incompatible/go.mod h1:zLgOLi98H3fifZn+44m+umXrS52loVEgC2AApnigrVQ=
github.com/google/go-github/v24 v24.0.1 h1:KCt1LjMJEey1qvPXxa9SjaWxwTsCWSq6p2Ju57UR4Q4=
github.com/google/go-github/v24 v24.0.1/go.mod h1:CRqaW1Uns1TCkP0wqTpxYyRxRjxwvKU/XSS44u6X74M=
github.com/google/go-querystring v1.0.0 h1:Xkwi/a1rcvNg1PPYe5vI8GbeBY/jrVuDX5ASuANWTrk=
github.com/google/go-querystring v1.0.0/go.mod h1:odCYkC5MyYFN7vkCjXpyrEuKhc/BUO6wN/zVPAxq5ck=
github.com/knq/sysutil v0.0.0-20181215143952-f05b59f0f307/go.mod h1:BjPj+aVjl9FW/cCGiF3nGh5v+9Gd3VCgBQbod/GlMaQ=
github.com/mailru/easyjson v0.0.0-20190626092158-b2ccc519800e/go.mod h1:C1wdFJiN94OJF2b5HbByQZoLdCWB1Yqtg26g4irojpc=
github.com/shurcooL/go v0.0.0-20190704215121-7189cc372560 h1:SpaoQDTgpo2YZkvmr2mtgloFFfPTjtLMlZkQtNAPQik=
github.com/shurcooL/go v0.0.0-20190704215121-7189cc372560/go.mod h1:TDJrrUr11Vxrven61rcy3hJMUqaf/CLWYhHNPmT14Lk=
github.com/shurcooL/go-goon v0.0.0-20170922171312-37c2f522c041 h1:llrF3Fs4018ePo4+G/HV/uQUqEI1HMDjCeOf2V6puPc=
github.com/shurcooL/go-goon v0.0.0-20170922171312-37c2f522c041/go.mod h1:N5mDOmsrJOB+vfqUK+7DmDyjhSLIIBnXo9lvZJj3MWQ=
github.com/shurcooL/goexec v0.0.0-20181215213458-76a6b9a99126 h1:DwrknIHyD6O682BNfrwbRh55wKTIKxzSQBTKIiK0998=
github.com/shurcooL/goexec v0.0.0-20181215213458-76a6b9a99126/go.mod h1:0V15Gv9ZhqL5nNfb4X8CdLvnZv82NX7TkclWeAbwNrg=
golang.org/x/crypto v0.0.0-20180820150726-614d502a4dac/go.mod h1:6SG95UA2DQfeDnfUPMdvaQW0Q7yPrPDi9nlGo2tz2b4=
golang.org/x/crypto v0.0.0-20190308221718-c2843e01d9a2/go.mod h1:djNgcEr1/C05ACkg1iLfiJU5Ep61QUkGW8qpdssI0+w=
golang.org/x/exp v0.0.0-20190627132806-fd42eb6b336f h1:F3VDpCbV+46wJMDIwbFSefCwLlvK2CoEKVEYHO8p5Os=
golang.org/x/exp v0.0.0-20190627132806-fd42eb6b336f/go.mod h1:ZjyILWgesfNpC6sMxTJOJm9Kp84zZh5NQWvqDGG3Qr8=
golang.org/x/image v0.0.0-20190227222117-0694c2d4d067/go.mod h1:kZ7UVZpmo3dzQBMxlp+ypCbDeSB+sBbTgSJuh5dn5js=
golang.org/x/image v0.0.0-20190703141733-d6a02ce849c9 h1:uc17S921SPw5F2gJo7slQ3aqvr2RwpL7eb3+DZncu3s=
golang.org/x/image v0.0.0-20190703141733-d6a02ce849c9/go.mod h1:FeLwcggjj3mMvU+oOTbSwawSJRM1uh48EjtB4UJZlP0=
golang.org/x/image v0.0.0-20190802002840-cff245a6509b h1:+qEpEAPhDZ1o0x3tHzZTQDArnOixOzGD9HUJfcg0mb4=
golang.org/x/image v0.0.0-20190802002840-cff245a6509b/go.mod h1:FeLwcggjj3mMvU+oOTbSwawSJRM1uh48EjtB4UJZlP0=
golang.org/x/mobile v0.0.0-20190312151609-d3739f865fa6/go.mod h1:z+o9i4GpDbdi3rU15maQ/Ox0txvL9dWGYEHz965HBQE=
golang.org/x/net v0.0.0-20180724234803-3673e40ba225/go.mod h1:mL1N/T3taQHkDXs73rZJwtUhF3w3ftmwwsq0BUmARs4=
golang.org/x/net v0.0.0-20180826012351-8a410e7b638d/go.mod h1:mL1N/T3taQHkDXs73rZJwtUhF3w3ftmwwsq0BUmARs4=
golang.org/x/net v0.0.0-20190108225652-1e06a53dbb7e/go.mod h1:mL1N/T3taQHkDXs73rZJwtUhF3w3ftmwwsq0BUmARs4=
golang.org/x/net v0.0.0-20190311183353-d8887717615a h1:oWX7TPOiFAMXLq8o0ikBYfCJVlRHBcsciT5bXOrH628=
golang.org/x/net v0.0.0-20190311183353-d8887717615a/go.mod h1:t9HGtf8HONx5eT2rtn7q6eTqICYqUVnKs3thJo3Qplg=
golang.org/x/net v0.0.0-20190620200207-3b0461eec859 h1:R/3boaszxrf1GEUWTVDzSKVwLmSJpwZ1yqXm8j0v2QI=
golang.org/x/net v0.0.0-20190620200207-3b0461eec859/go.mod h1:z5CRVTTTmAJ677TzLLGU+0bjPO0LkuOLi4/5GtJWs/s=
golang.org/x/oauth2 v0.0.0-20180821212333-d2e6202438be/go.mod h1:N/0e6XlmueqKjAGxoOufVs8QHGRruUQn6yWY3a++T0U=
golang.org/x/oauth2 v0.0.0-20190604053449-0f29369cfe45 h1:SVwTIAaPC2U/AvvLNZ2a7OVsmBpC8L5BlwK1whH3hm0=
golang.org/x/oauth2 v0.0.0-20190604053449-0f29369cfe45/go.mod h1:gOpvHmFTYa4IltrdGE7lF6nIHvwfUNPOp7c8zoXwtLw=
golang.org/x/sync v0.0.0-20181221193216-37e7f081c4d4 h1:YUO/7uOKsKeq9UokNS62b8FYywz3ker1l1vDZRCRefw=
golang.org/x/sync v0.0.0-20181221193216-37e7f081c4d4/go.mod h1:RxMgew5VJxzue5/jJTE5uejpjVlOe/izrB70Jof72aM=
golang.org/x/sync v0.0.0-20190423024810-112230192c58/go.mod h1:RxMgew5VJxzue5/jJTE5uejpjVlOe/izrB70Jof72aM=
golang.org/x/sys v0.0.0-20180824143301-4910a1d54f87/go.mod h1:STP8DvDyc/dI5b8T5hshtkjS+E42TnysNCUPdjciGhY=
golang.org/x/sys v0.0.0-20190215142949-d0b11bdaac8a/go.mod h1:STP8DvDyc/dI5b8T5hshtkjS+E42TnysNCUPdjciGhY=
golang.org/x/sys v0.0.0-20190312061237-fead79001313/go.mod h1:h1NjWce9XRLGQEsW7wpKNCjG9DtNlClVuFLEZdDNbEs=
golang.org/x/sys v0.0.0-20190813064441-fde4db37ae7a h1:aYOabOQFp6Vj6W1F80affTUvO9UxmJRx8K0gsfABByQ=
golang.org/x/sys v0.0.0-20190813064441-fde4db37ae7a/go.mod h1:h1NjWce9XRLGQEsW7wpKNCjG9DtNlClVuFLEZdDNbEs=
golang.org/x/text v0.3.0 h1:g61tztE5qeGQ89tm6NTjjM9VPIm088od1l6aSorWRWg=
golang.org/x/text v0.3.0/go.mod h1:NqM8EUOU14njkJ3fqMW+pc6Ldnwhi/IjpwHt7yyuwOQ=
golang.org/x/tools v0.0.0-20190312151545-0bb0c0a6e846/go.mod h1:LCzVGOaR6xXOjkQ3onu1FJEFr0SW1gC7cKk1uF8kGRs=
golang.org/x/tools v0.0.0-20190903163617-be0da057c5e3 h1:1cLrGl9PL64Mzl9NATDCqFE57dVYwWOkoPXvppEnjO4=
golang.org/x/tools v0.0.0-20190903163617-be0da057c5e3/go.mod h1:b+2E5dAYhXwXZwtnZ6UAqBI28+e2cm9otk0dWdXHAEo=
golang.org/x/xerrors v0.0.0-20190717185122-a985d3407aa7/go.mod h1:I/5z698sn9Ka8TeJc9MKroUUfqBBauWjQqLJ2OPfmY0=
google.golang.org/appengine v1.1.0/go.mod h1:EbEs0AVv82hx2wNQdGPgUI5lhzA/G0D9YwlJXL52JkM=
google.golang.org/appengine v1.4.0/go.mod h1:xpcJRLb0r/rnEns0DIKYYv+WjYCduHsrkT7/EB5XEv4=
